
Microsoft Visual Studio Solution File, Format Version 12.00
# Visual Studio Version 17
VisualStudioVersion = 17.2.32516.85
MinimumVisualStudioVersion = 10.0.40219.1
Project("{FAE04EC0-301F-11D3-BF4B-00C04F79EFBC}") = "TicTacToe", "TicTacToe\TicTacToe.csproj", "{5ABEBC14-7BB5-4D5E-B7CB-480FA7065743}"
EndProject
Global
	GlobalSection(SolutionConfigurationPlatforms) = preSolution
		Debug|Any CPU = Debug|Any CPU
		Release|Any CPU = Release|Any CPU
	EndGlobalSection
	GlobalSection(ProjectConfigurationPlatforms) = postSolution
		{5ABEBC14-7BB5-4D5E-B7CB-480FA7065743}.Debug|Any CPU.ActiveCfg = Debug|Any CPU
		{5ABEBC14-7BB5-4D5E-B7CB-480FA7065743}.Debug|Any CPU.Build.0 = Debug|Any CPU
		{5ABEBC14-7BB5-4D5E-B7CB-480FA7065743}.Release|Any CPU.ActiveCfg = Release|Any CPU
		{5ABEBC14-7BB5-4D5E-B7CB-480FA7065743}.Release|Any CPU.Build.0 = Release|Any CPU
	EndGlobalSection
	GlobalSection(SolutionProperties) = preSolution
		HideSolutionNode = FALSE
	EndGlobalSection
	GlobalSection(ExtensibilityGlobals) = postSolution
		SolutionGuid = {59CCA4A8-8654-460A-8478-DE1AEF63CFDE}
	EndGlobalSection
EndGlobal
